
Microsoft Visual Studio Solution File, Format Version 12.00
# Visual Studio Version 17
VisualStudioVersion = 17.14.36616.10 d17.14
MinimumVisualStudioVersion = 10.0.40219.1
Project("{FAE04EC0-301F-11D3-BF4B-00C04F79EFBC}") = "TaskForString", "TaskForString.csproj", "{87B3E157-7D75-4A42-B967-FEE729075465}"
EndProject
Project("{FAE04EC0-301F-11D3-BF4B-00C04F79EFBC}") = "TaskForStringTests", "..\TaskForStringTests\TaskForStringTests.csproj", "{A9243E4D-F367-437E-8878-1C6B37A605E5}"
EndProject
Global
	GlobalSection(SolutionConfigurationPlatforms) = preSolution
		Debug|Any CPU = Debug|Any CPU
		Release|Any CPU = Release|Any CPU
	EndGlobalSection
	GlobalSection(ProjectConfigurationPlatforms) = postSolution
		{87B3E157-7D75-4A42-B967-FEE729075465}.Debug|Any CPU.ActiveCfg = Debug|Any CPU
		{87B3E157-7D75-4A42-B967-FEE729075465}.Debug|Any CPU.Build.0 = Debug|Any CPU
		{87B3E157-7D75-4A42-B967-FEE729075465}.Release|Any CPU.ActiveCfg = Release|Any CPU
		{87B3E157-7D75-4A42-B967-FEE729075465}.Release|Any CPU.Build.0 = Release|Any CPU
		{A9243E4D-F367-437E-8878-1C6B37A605E5}.Debug|Any CPU.ActiveCfg = Debug|Any CPU
		{A9243E4D-F367-437E-8878-1C6B37A605E5}.Debug|Any CPU.Build.0 = Debug|Any CPU
		{A9243E4D-F367-437E-8878-1C6B37A605E5}.Release|Any CPU.ActiveCfg = Release|Any CPU
		{A9243E4D-F367-437E-8878-1C6B37A605E5}.Release|Any CPU.Build.0 = Release|Any CPU
	EndGlobalSection
	GlobalSection(SolutionProperties) = preSolution
		HideSolutionNode = FALSE
	EndGlobalSection
	GlobalSection(ExtensibilityGlobals) = postSolution
		SolutionGuid = {8D5469E5-6491-444A-AD9C-D0B17E0A4D91}
	EndGlobalSection
EndGlobal
